
Microsoft Visual Studio Solution File, Format Version 12.00
# Visual Studio Version 17
VisualStudioVersion = 17.5.33516.290
MinimumVisualStudioVersion = 10.0.40219.1
Project("{FAE04EC0-301F-11D3-BF4B-00C04F79EFBC}") = "BlazorApp2", "BlazorApp2\BlazorApp2.csproj", "{D0A7EF5C-3733-422F-A97B-C5D461AC6D6B}"
EndProject
Global
	GlobalSection(SolutionConfigurationPlatforms) = preSolution
		Debug|Any CPU = Debug|Any CPU
		Release|Any CPU = Release|Any CPU
	EndGlobalSection
	GlobalSection(ProjectConfigurationPlatforms) = postSolution
		{D0A7EF5C-3733-422F-A97B-C5D461AC6D6B}.Debug|Any CPU.ActiveCfg = Debug|Any CPU
		{D0A7EF5C-3733-422F-A97B-C5D461AC6D6B}.Debug|Any CPU.Build.0 = Debug|Any CPU
		{D0A7EF5C-3733-422F-A97B-C5D461AC6D6B}.Release|Any CPU.ActiveCfg = Release|Any CPU
		{D0A7EF5C-3733-422F-A97B-C5D461AC6D6B}.Release|Any CPU.Build.0 = Release|Any CPU
	EndGlobalSection
	GlobalSection(SolutionProperties) = preSolution
		HideSolutionNode = FALSE
	EndGlobalSection
	GlobalSection(ExtensibilityGlobals) = postSolution
		SolutionGuid = {295710A7-B9E8-428E-B3AB-D8482568AC96}
	EndGlobalSection
EndGlobal
